
Microsoft Visual Studio Solution File, Format Version 12.00
# Visual Studio Version 16
VisualStudioVersion = 16.0.30104.148
MinimumVisualStudioVersion = 10.0.40219.1
Project("{FAE04EC0-301F-11D3-BF4B-00C04F79EFBC}") = "SMCaptchaDownload.ConsoleApp", "SMCaptchaDownload.ConsoleApp\SMCaptchaDownload.ConsoleApp.csproj", "{60455958-71A9-4A8A-95C7-C5676C1BE9A9}"
EndProject
Global
	GlobalSection(SolutionConfigurationPlatforms) = preSolution
		Debug|Any CPU = Debug|Any CPU
		Release|Any CPU = Release|Any CPU
	EndGlobalSection
	GlobalSection(ProjectConfigurationPlatforms) = postSolution
		{60455958-71A9-4A8A-95C7-C5676C1BE9A9}.Debug|Any CPU.ActiveCfg = Debug|Any CPU
		{60455958-71A9-4A8A-95C7-C5676C1BE9A9}.Debug|Any CPU.Build.0 = Debug|Any CPU
		{60455958-71A9-4A8A-95C7-C5676C1BE9A9}.Release|Any CPU.ActiveCfg = Release|Any CPU
		{60455958-71A9-4A8A-95C7-C5676C1BE9A9}.Release|Any CPU.Build.0 = Release|Any CPU
	EndGlobalSection
	GlobalSection(SolutionProperties) = preSolution
		HideSolutionNode = FALSE
	EndGlobalSection
	GlobalSection(ExtensibilityGlobals) = postSolution
		SolutionGuid = {287537A8-8346-42E6-A916-F2F781C4B37A}
	EndGlobalSection
EndGlobal
